OTEL_JAVAAGENT_VERSION=2.31.1
OTEL_JAVAAGENT_URL=https://github.com/open-telemetry/opentelemetry-java-instrumentation/releases/download/v2.31.1/opentelemetry-javaagent.jar
OTEL_JAVAAGENT_SHA256=bbf83c151b6400709e2f225bdd07a04f839d9d13b8b93464241333fd25d3e3ba
OTEL_API_VERSION=1.65.0
GOVERNED_AGENT_EXTENSION_SHA256=9bffa9a362d396dba645141c9086bc6aeb92946f7fc37e0f036025d794674046
JACOCO_AGENT_VERSION=0.8.15
JACOCO_AGENT_SHA256=fb5b0036a0899ea97edfa0fc2c7985b55f3f7c5695028163e5e60d4f3cf6075d
